// !$*UTF8*$!
{
	archiveVersion = 1;
	classes = {
	};
	objectVersion = 55;
	objects = {

/* Begin PBXBuildFile section */
		0C8459E70145BC0C72AEE27C /* Pods_SubletSeeker.framework in Frameworks */ = {isa = PBXBuildFile; fileRef = 6B1FD283F192437778CB9680 /* Pods_SubletSeeker.framework */; };
		1C1A9029281A33ED004DB825 /* HouseDetailTableViewController.swift in Sources */ = {isa = PBXBuildFile; fileRef = 1C1A9028281A33ED004DB825 /* HouseDetailTableViewController.swift */; };
		1C1A902B281A68D1004DB825 /* Houses.swift in Sources */ = {isa = PBXBuildFile; fileRef = 1C1A902A281A68D1004DB825 /* Houses.swift */; };
		1CA928902818EB3B006D67ED /* AppDelegate.swift in Sources */ = {isa = PBXBuildFile; fileRef = 1CA9288F2818EB3B006D67ED /* AppDelegate.swift */; };
		1CA928922818EB3B006D67ED /* SceneDelegate.swift in Sources */ = {isa = PBXBuildFile; fileRef = 1CA928912818EB3B006D67ED /* SceneDelegate.swift */; };
		1CA928942818EB3B006D67ED /* LoginViewController.swift in Sources */ = {isa = PBXBuildFile; fileRef = 1CA928932818EB3B006D67ED /* LoginViewController.swift */; };
		1CA928972818EB3B006D67ED /* Main.storyboard in Resources */ = {isa = PBXBuildFile; fileRef = 1CA928952818EB3B006D67ED /* Main.storyboard */; };
		1CA928992818EB3D006D67ED /* Assets.xcassets in Resources */ = {isa = PBXBuildFile; fileRef = 1CA928982818EB3D006D67ED /* Assets.xcassets */; };
		1CA9289C2818EB3D006D67ED /* LaunchScreen.storyboard in Resources */ = {isa = PBXBuildFile; fileRef = 1CA9289A2818EB3D006D67ED /* LaunchScreen.storyboard */; };
		1CCF1B3D2818FC8800516A7A /* HousesListViewController.swift in Sources */ = {isa = PBXBuildFile; fileRef = 1CCF1B3C2818FC8800516A7A /* HousesListViewController.swift */; };
		1CCF1B3F2819024F00516A7A /* House.swift in Sources */ = {isa = PBXBuildFile; fileRef = 1CCF1B3E2819024F00516A7A /* House.swift */; };
		1CE572AB2818F019005F386E /* GoogleService-Info.plist in Resources */ = {isa = PBXBuildFile; fileRef = 1CE572AA2818F019005F386E /* GoogleService-Info.plist */; };
/* End PBXBuildFile section */

/* Begin PBXFileReference section */
		1C1A9028281A33ED004DB825 /* HouseDetailTableViewController.swift */ = {isa = PBXFileReference; lastKnownFileType = sourcecode.swift; path = HouseDetailTableViewController.swift; sourceTree = "<group>"; };
		1C1A902A281A68D1004DB825 /* Houses.swift */ = {isa = PBXFileReference; lastKnownFileType = sourcecode.swift; path = Houses.swift; sourceTree = "<group>"; };
		1CA9288C2818EB3B006D67ED /* SubletSeeker.app */ = {isa = PBXFileReference; explicitFileType = wrapper.application; includeInIndex = 0; path = SubletSeeker.app; sourceTree = BUILT_PRODUCTS_DIR; };
		1CA9288F2818EB3B006D67ED /* AppDelegate.swift */ = {isa = PBXFileReference; lastKnownFileType = sourcecode.swift; path = AppDelegate.swift; sourceTree = "<group>"; };
		1CA928912818EB3B006D67ED /* SceneDelegate.swift */ = {isa = PBXFileReference; lastKnownFileType = sourcecode.swift; path = SceneDelegate.swift; sourceTree = "<group>"; };
		1CA928932818EB3B006D67ED /* LoginViewController.swift */ = {isa = PBXFileReference; lastKnownFileType = sourcecode.swift; path = LoginViewController.swift; sourceTree = "<group>"; };
		1CA928962818EB3B006D67ED /* Base */ = {isa = PBXFileReference; lastKnownFileType = file.storyboard; name = Base; path = Base.lproj/Main.storyboard; sourceTree = "<group>"; };
		1CA928982818EB3D006D67ED /* Assets.xcassets */ = {isa = PBXFileReference; lastKnownFileType = folder.assetcatalog; path = Assets.xcassets; sourceTree = "<group>"; };
		1CA9289B2818EB3D006D67ED /* Base */ = {isa = PBXFileReference; lastKnownFileType = file.storyboard; name = Base; path = Base.lproj/LaunchScreen.storyboard; sourceTree = "<group>"; };
		1CA9289D2818EB3D006D67ED /* Info.plist */ = {isa = PBXFileReference; lastKnownFileType = text.plist.xml; path = Info.plist; sourceTree = "<group>"; };
		1CCF1B3C2818FC8800516A7A /* HousesListViewController.swift */ = {isa = PBXFileReference; lastKnownFileType = sourcecode.swift; path = HousesListViewController.swift; sourceTree = "<group>"; };
		1CCF1B3E2819024F00516A7A /* House.swift */ = {isa = PBXFileReference; lastKnownFileType = sourcecode.swift; path = House.swift; sourceTree = "<group>"; };
		1CE572AA2818F019005F386E /* GoogleService-Info.plist */ = {isa = PBXFileReference; lastKnownFileType = text.plist; path = "GoogleService-Info.plist"; sourceTree = SOURCE_ROOT; };
		598C638D36F006DEA8EFCF37 /* Pods-SubletSeeker.debug.xcconfig */ = {isa = PBXFileReference; includeInIndex = 1; lastKnownFileType = text.xcconfig; name = "Pods-SubletSeeker.debug.xcconfig"; path = "Target Support Files/Pods-SubletSeeker/Pods-SubletSeeker.debug.xcconfig"; sourceTree = "<group>"; };
		669CF0F4E3FF2DDA8E6DDA86 /* Pods-SubletSeeker.release.xcconfig */ = {isa = PBXFileReference; includeInIndex = 1; lastKnownFileType = text.xcconfig; name = "Pods-SubletSeeker.release.xcconfig"; path = "Target Support Files/Pods-SubletSeeker/Pods-SubletSeeker.release.xcconfig"; sourceTree = "<group>"; };
		6B1FD283F192437778CB9680 /* Pods_SubletSeeker.framework */ = {isa = PBXFileReference; explicitFileType = wrapper.framework; includeInIndex = 0; path = Pods_SubletSeeker.framework; sourceTree = BUILT_PRODUCTS_DIR; };
/* End PBXFileReference section */

/* Begin PBXFrameworksBuildPhase section */
		1CA928892818EB3B006D67ED /* Frameworks */ = {
			isa = PBXFrameworksBuildPhase;
			buildActionMask = 2147483647;
			files = (
				0C8459E70145BC0C72AEE27C /* Pods_SubletSeeker.framework in Frameworks */,
			);
			runOnlyForDeploymentPostprocessing = 0;
		};
/* End PBXFrameworksBuildPhase section */

/* Begin PBXGroup section */
		1A86C1D2F3F72CB2B5F91E4C /* Frameworks */ = {
			isa = PBXGroup;
			children = (
				6B1FD283F192437778CB9680 /* Pods_SubletSeeker.framework */,
			);
			name = Frameworks;
			sourceTree = "<group>";
		};
		1CA928832818EB3B006D67ED = {
			isa = PBXGroup;
			children = (
				1CA9288E2818EB3B006D67ED /* SubletSeeker */,
				1CA9288D2818EB3B006D67ED /* Products */,
				7FC9F0E957A2E3D411917638 /* Pods */,
				1A86C1D2F3F72CB2B5F91E4C /* Frameworks */,
			);
			sourceTree = "<group>";
		};
		1CA9288D2818EB3B006D67ED /* Products */ = {
			isa = PBXGroup;
			children = (
				1CA9288C2818EB3B006D67ED /* SubletSeeker.app */,
			);
			name = Products;
			sourceTree = "<group>";
		};
		1CA9288E2818EB3B006D67ED /* SubletSeeker */ = {
			isa = PBXGroup;
			children = (
				1CA9288F2818EB3B006D67ED /* AppDelegate.swift */,
				1CA928912818EB3B006D67ED /* SceneDelegate.swift */,
				1CCF1B3E2819024F00516A7A /* House.swift */,
				1C1A902A281A68D1004DB825 /* Houses.swift */,
				1CA928932818EB3B006D67ED /* LoginViewController.swift */,
				1CCF1B3C2818FC8800516A7A /* HousesListViewController.swift */,
				1C1A9028281A33ED004DB825 /* HouseDetailTableViewController.swift */,
				1CA928952818EB3B006D67ED /* Main.storyboard */,
				1CA928982818EB3D006D67ED /* Assets.xcassets */,
				1CA9289A2818EB3D006D67ED /* LaunchScreen.storyboard */,
				1CA9289D2818EB3D006D67ED /* Info.plist */,
				1CE572AA2818F019005F386E /* GoogleService-Info.plist */,
			);
			path = SubletSeeker;
			sourceTree = "<group>";
		};
		7FC9F0E957A2E3D411917638 /* Pods */ = {
			isa = PBXGroup;
			children = (
				598C638D36F006DEA8EFCF37 /* Pods-SubletSeeker.debug.xcconfig */,
				669CF0F4E3FF2DDA8E6DDA86 /* Pods-SubletSeeker.release.xcconfig */,
			);
			path = Pods;
			sourceTree = "<group>";
		};
/* End PBXGroup section */

/* Begin PBXNativeTarget section */
		1CA9288B2818EB3B006D67ED /* SubletSeeker */ = {
			isa = PBXNativeTarget;
			buildConfigurationList = 1CA928A02818EB3D006D67ED /* Build configuration list for PBXNativeTarget "SubletSeeker" */;
			buildPhases = (
				8FCDF2F245684217CB341C5A /* [CP] Check Pods Manifest.lock */,
				1CA928882818EB3B006D67ED /* Sources */,
				1CA928892818EB3B006D67ED /* Frameworks */,
				1CA9288A2818EB3B006D67ED /* Resources */,
				DF19F452BDBEF07ADBFE1E96 /* [CP] Embed Pods Frameworks */,
				2B5C9C2485E4C097E4112A75 /* [CP] Copy Pods Resources */,
			);
			buildRules = (
			);
			dependencies = (
			);
			name = SubletSeeker;
			productName = SubletSeeker;
			productReference = 1CA9288C2818EB3B006D67ED /* SubletSeeker.app */;
			productType = "com.apple.product-type.application";
		};
/* End PBXNativeTarget section */

/* Begin PBXProject section */
		1CA928842818EB3B006D67ED /* Project object */ = {
			isa = PBXProject;
			attributes = {
				BuildIndependentTargetsInParallel = 1;
				LastSwiftUpdateCheck = 1320;
				LastUpgradeCheck = 1320;
				TargetAttributes = {
					1CA9288B2818EB3B006D67ED = {
						CreatedOnToolsVersion = 13.2.1;
					};
				};
			};
			buildConfigurationList = 1CA928872818EB3B006D67ED /* Build configuration list for PBXProject "SubletSeeker" */;
			compatibilityVersion = "Xcode 13.0";
			developmentRegion = en;
			hasScannedForEncodings = 0;
			knownRegions = (
				en,
				Base,
			);
			mainGroup = 1CA928832818EB3B006D67ED;
			productRefGroup = 1CA9288D2818EB3B006D67ED /* Products */;
			projectDirPath = "";
			projectRoot = "";
			targets = (
				1CA9288B2818EB3B006D67ED /* SubletSeeker */,
			);
		};
/* End PBXProject section */

/* Begin PBXResourcesBuildPhase section */
		1CA9288A2818EB3B006D67ED /* Resources */ = {
			isa = PBXResourcesBuildPhase;
			buildActionMask = 2147483647;
			files = (
				1CA9289C2818EB3D006D67ED /* LaunchScreen.storyboard in Resources */,
				1CE572AB2818F019005F386E /* GoogleService-Info.plist in Resources */,
				1CA928992818EB3D006D67ED /* Assets.xcassets in Resources */,
				1CA928972818EB3B006D67ED /* Main.storyboard in Resources */,
			);
			runOnlyForDeploymentPostprocessing = 0;
		};
/* End PBXResourcesBuildPhase section */

/* Begin PBXShellScriptBuildPhase section */
		2B5C9C2485E4C097E4112A75 /* [CP] Copy Pods Resources */ = {
			isa = PBXShellScriptBuildPhase;
			buildActionMask = 2147483647;
			files = (
			);
			inputFileListPaths = (
				"${PODS_ROOT}/Target Support Files/Pods-SubletSeeker/Pods-SubletSeeker-resources-${CONFIGURATION}-input-files.xcfilelist",
			);
			name = "[CP] Copy Pods Resources";
			outputFileListPaths = (
				"${PODS_ROOT}/Target Support Files/Pods-SubletSeeker/Pods-SubletSeeker-resources-${CONFIGURATION}-output-files.xcfilelist",
			);
			runOnlyForDeploymentPostprocessing = 0;
			shellPath = /bin/sh;
			shellScript = "\"${PODS_ROOT}/Target Support Files/Pods-SubletSeeker/Pods-SubletSeeker-resources.sh\"\n";
			showEnvVarsInLog = 0;
		};
		8FCDF2F245684217CB341C5A /* [CP] Check Pods Manifest.lock */ = {
			isa = PBXShellScriptBuildPhase;
			buildActionMask = 2147483647;
			files = (
			);
			inputFileListPaths = (
			);
			inputPaths = (
				"${PODS_PODFILE_DIR_PATH}/Podfile.lock",
				"${PODS_ROOT}/Manifest.lock",
			);
			name = "[CP] Check Pods Manifest.lock";
			outputFileListPaths = (
			);
			outputPaths = (
				"$(DERIVED_FILE_DIR)/Pods-SubletSeeker-checkManifestLockResult.txt",
			);
			runOnlyForDeploymentPostprocessing = 0;
			shellPath = /bin/sh;
			shellScript = "diff \"${PODS_PODFILE_DIR_PATH}/Podfile.lock\" \"${PODS_ROOT}/Manifest.lock\" > /dev/null\nif [ $? != 0 ] ; then\n    # print error to STDERR\n    echo \"error: The sandbox is not in sync with the Podfile.lock. Run 'pod install' or update your CocoaPods installation.\" >&2\n    exit 1\nfi\n# This output is used by Xcode 'outputs' to avoid re-running this script phase.\necho \"SUCCESS\" > \"${SCRIPT_OUTPUT_FILE_0}\"\n";
			showEnvVarsInLog = 0;
		};
		DF19F452BDBEF07ADBFE1E96 /* [CP] Embed Pods Frameworks */ = {
			isa = PBXShellScriptBuildPhase;
			buildActionMask = 2147483647;
			files = (
			);
			inputFileListPaths = (
				"${PODS_ROOT}/Target Support Files/Pods-SubletSeeker/Pods-SubletSeeker-frameworks-${CONFIGURATION}-input-files.xcfilelist",
			);
			name = "[CP] Embed Pods Frameworks";
			outputFileListPaths = (
				"${PODS_ROOT}/Target Support Files/Pods-SubletSeeker/Pods-SubletSeeker-frameworks-${CONFIGURATION}-output-files.xcfilelist",
			);
			runOnlyForDeploymentPostprocessing = 0;
			shellPath = /bin/sh;
			shellScript = "\"${PODS_ROOT}/Target Support Files/Pods-SubletSeeker/Pods-SubletSeeker-frameworks.sh\"\n";
			showEnvVarsInLog = 0;
		};
/* End PBXShellScriptBuildPhase section */

/* Begin PBXSourcesBuildPhase section */
		1CA928882818EB3B006D67ED /* Sources */ = {
			isa = PBXSourcesBuildPhase;
			buildActionMask = 2147483647;
			files = (
				1C1A902B281A68D1004DB825 /* Houses.swift in Sources */,
				1CA928942818EB3B006D67ED /* LoginViewController.swift in Sources */,
				1CA928902818EB3B006D67ED /* AppDelegate.swift in Sources */,
				1CA928922818EB3B006D67ED /* SceneDelegate.swift in Sources */,
				1CCF1B3F2819024F00516A7A /* House.swift in Sources */,
				1CCF1B3D2818FC8800516A7A /* HousesListViewController.swift in Sources */,
				1C1A9029281A33ED004DB825 /* HouseDetailTableViewController.swift in Sources */,
			);
			runOnlyForDeploymentPostprocessing = 0;
		};
/* End PBXSourcesBuildPhase section */

/* Begin PBXVariantGroup section */
		1CA928952818EB3B006D67ED /* Main.storyboard */ = {
			isa = PBXVariantGroup;
			children = (
				1CA928962818EB3B006D67ED /* Base */,
			);
			name = Main.storyboard;
			sourceTree = "<group>";
		};
		1CA9289A2818EB3D006D67ED /* LaunchScreen.storyboard */ = {
			isa = PBXVariantGroup;
			children = (
				1CA9289B2818EB3D006D67ED /* Base */,
			);
			name = LaunchScreen.storyboard;
			sourceTree = "<group>";
		};
/* End PBXVariantGroup section */

/* Begin XCBuildConfiguration section */
		1CA9289E2818EB3D006D67ED /* Debug */ = {
			isa = XCBuildConfiguration;
			buildSettings = {
				ALWAYS_SEARCH_USER_PATHS = NO;
				CLANG_ANALYZER_NONNULL = YES;
				CLANG_ANALYZER_NUMBER_OBJECT_CONVERSION = YES_AGGRESSIVE;
				CLANG_CXX_LANGUAGE_STANDARD = "gnu++17";
				CLANG_CXX_LIBRARY = "libc++";
				CLANG_ENABLE_MODULES = YES;
				CLANG_ENABLE_OBJC_ARC = YES;
				CLANG_ENABLE_OBJC_WEAK = YES;
				CLANG_WARN_BLOCK_CAPTURE_AUTORELEASING = YES;
				CLANG_WARN_BOOL_CONVERSION = YES;
				CLANG_WARN_COMMA = YES;
				CLANG_WARN_CONSTANT_CONVERSION = YES;
				CLANG_WARN_DEPRECATED_OBJC_IMPLEMENTATIONS = YES;
				CLANG_WARN_DIRECT_OBJC_ISA_USAGE = YES_ERROR;
				CLANG_WARN_DOCUMENTATION_COMMENTS = YES;
				CLANG_WARN_EMPTY_BODY = YES;
				CLANG_WARN_ENUM_CONVERSION = YES;
				CLANG_WARN_INFINITE_RECURSION = YES;
				CLANG_WARN_INT_CONVERSION = YES;
				CLANG_WARN_NON_LITERAL_NULL_CONVERSION = YES;
				CLANG_WARN_OBJC_IMPLICIT_RETAIN_SELF = YES;
				CLANG_WARN_OBJC_LITERAL_CONVERSION = YES;
				CLANG_WARN_OBJC_ROOT_CLASS = YES_ERROR;
				CLANG_WARN_QUOTED_INCLUDE_IN_FRAMEWORK_HEADER = YES;
				CLANG_WARN_RANGE_LOOP_ANALYSIS = YES;
				CLANG_WARN_STRICT_PROTOTYPES = YES;
				CLANG_WARN_SUSPICIOUS_MOVE = YES;
				CLANG_WARN_UNGUARDED_AVAILABILITY = YES_AGGRESSIVE;
				CLANG_WARN_UNREACHABLE_CODE = YES;
				CLANG_WARN__DUPLICATE_METHOD_MATCH = YES;
				COPY_PHASE_STRIP = NO;
				DEBUG_INFORMATION_FORMAT = dwarf;
				ENABLE_STRICT_OBJC_MSGSEND = YES;
				ENABLE_TESTABILITY = YES;
				GCC_C_LANGUAGE_STANDARD = gnu11;
				GCC_DYNAMIC_NO_PIC = NO;
				GCC_NO_COMMON_BLOCKS = YES;
				GCC_OPTIMIZATION_LEVEL = 0;
				GCC_PREPROCESSOR_DEFINITIONS = (
					"DEBUG=1",
					"$(inherited)",
				);
				GCC_WARN_64_TO_32_BIT_CONVERSION = YES;
				GCC_WARN_ABOUT_RETURN_TYPE = YES_ERROR;
				GCC_WARN_UNDECLARED_SELECTOR = YES;
				GCC_WARN_UNINITIALIZED_AUTOS = YES_AGGRESSIVE;
				GCC_WARN_UNUSED_FUNCTION = YES;
				GCC_WARN_UNUSED_VARIABLE = YES;
				IPHONEOS_DEPLOYMENT_TARGET = 15.2;
				MTL_ENABLE_DEBUG_INFO = INCLUDE_SOURCE;
				MTL_FAST_MATH = YES;
				ONLY_ACTIVE_ARCH = YES;
				SDKROOT = iphoneos;
				SWIFT_ACTIVE_COMPILATION_CONDITIONS = DEBUG;
				SWIFT_OPTIMIZATION_LEVEL = "-Onone";
			};
			name = Debug;
		};
		1CA9289F2818EB3D006D67ED /* Release */ = {
			isa = XCBuildConfiguration;
			buildSettings = {
				ALWAYS_SEARCH_USER_PATHS = NO;
				CLANG_ANALYZER_NONNULL = YES;
				CLANG_ANALYZER_NUMBER_OBJECT_CONVERSION = YES_AGGRESSIVE;
				CLANG_CXX_LANGUAGE_STANDARD = "gnu++17";
				CLANG_CXX_LIBRARY = "libc++";
				CLANG_ENABLE_MODULES = YES;
				CLANG_ENABLE_OBJC_ARC = YES;
				CLANG_ENABLE_OBJC_WEAK = YES;
				CLANG_WARN_BLOCK_CAPTURE_AUTORELEASING = YES;
				CLANG_WARN_BOOL_CONVERSION = YES;
				CLANG_WARN_COMMA = YES;
				CLANG_WARN_CONSTANT_CONVERSION = YES;
				CLANG_WARN_DEPRECATED_OBJC_IMPLEMENTATIONS = YES;
				CLANG_WARN_DIRECT_OBJC_ISA_USAGE = YES_ERROR;
				CLANG_WARN_DOCUMENTATION_COMMENTS = YES;
				CLANG_WARN_EMPTY_BODY = YES;
				CLANG_WARN_ENUM_CONVERSION = YES;
				CLANG_WARN_INFINITE_RECURSION = YES;
				CLANG_WARN_INT_CONVERSION = YES;
				CLANG_WARN_NON_LITERAL_NULL_CONVERSION = YES;
				CLANG_WARN_OBJC_IMPLICIT_RETAIN_SELF = YES;
				CLANG_WARN_OBJC_LITERAL_CONVERSION = YES;
				CLANG_WARN_OBJC_ROOT_CLASS = YES_ERROR;
				CLANG_WARN_QUOTED_INCLUDE_IN_FRAMEWORK_HEADER = YES;
				CLANG_WARN_RANGE_LOOP_ANALYSIS = YES;
				CLANG_WARN_STRICT_PROTOTYPES = YES;
				CLANG_WARN_SUSPICIOUS_MOVE = YES;
				CLANG_WARN_UNGUARDED_AVAILABILITY = YES_AGGRESSIVE;
				CLANG_WARN_UNREACHABLE_CODE = YES;
				CLANG_WARN__DUPLICATE_METHOD_MATCH = YES;
				COPY_PHASE_STRIP = NO;
				DEBUG_INFORMATION_FORMAT = "dwarf-with-dsym";
				ENABLE_NS_ASSERTIONS = NO;
				ENABLE_STRICT_OBJC_MSGSEND = YES;
				GCC_C_LANGUAGE_STANDARD = gnu11;
				GCC_NO_COMMON_BLOCKS = YES;
				GCC_WARN_64_TO_32_BIT_CONVERSION = YES;
				GCC_WARN_ABOUT_RETURN_TYPE = YES_ERROR;
				GCC_WARN_UNDECLARED_SELECTOR = YES;
				GCC_WARN_UNINITIALIZED_AUTOS = YES_AGGRESSIVE;
				GCC_WARN_UNUSED_FUNCTION = YES;
				GCC_WARN_UNUSED_VARIABLE = YES;
				IPHONEOS_DEPLOYMENT_TARGET = 15.2;
				MTL_ENABLE_DEBUG_INFO = NO;
				MTL_FAST_MATH = YES;
				SDKROOT = iphoneos;
				SWIFT_COMPILATION_MODE = wholemodule;
				SWIFT_OPTIMIZATION_LEVEL = "-O";
				VALIDATE_PRODUCT = YES;
			};
			name = Release;
		};
		1CA928A12818EB3D006D67ED /* Debug */ = {
			isa = XCBuildConfiguration;
			baseConfigurationReference = 598C638D36F006DEA8EFCF37 /* Pods-SubletSeeker.debug.xcconfig */;
			buildSettings = {
				ASSETCATALOG_COMPILER_APPICON_NAME = AppIcon;
				ASSETCATALOG_COMPILER_GLOBAL_ACCENT_COLOR_NAME = AccentColor;
				CODE_SIGN_STYLE = Automatic;
				CURRENT_PROJECT_VERSION = 1;
				DEVELOPMENT_TEAM = HF4QR5SCPG;
				GENERATE_INFOPLIST_FILE = YES;
				INFOPLIST_FILE = SubletSeeker/Info.plist;
				INFOPLIST_KEY_UIApplicationSupportsIndirectInputEvents = YES;
				INFOPLIST_KEY_UILaunchStoryboardName = LaunchScreen;
				INFOPLIST_KEY_UIMainStoryboardFile = Main;
				INFOPLIST_KEY_UISupportedInterfaceOrientations_iPad = "UIInterfaceOrientationPortrait UIInterfaceOrientationPortraitUpsideDown UIInterfaceOrientationLandscapeLeft UIInterfaceOrientationLandscapeRight";
				INFOPLIST_KEY_UISupportedInterfaceOrientations_iPhone = "UIInterfaceOrientationPortrait UIInterfaceOrientationLandscapeLeft UIInterfaceOrientationLandscapeRight";
				LD_RUNPATH_SEARCH_PATHS = (
					"$(inherited)",
					"@executable_path/Frameworks",
				);
				MARKETING_VERSION = 1.0;
				PRODUCT_BUNDLE_IDENTIFIER = com.cheng.SubletSeeker;
				PRODUCT_NAME = "$(TARGET_NAME)";
				SWIFT_EMIT_LOC_STRINGS = YES;
				SWIFT_VERSION = 5.0;
				TARGETED_DEVICE_FAMILY = "1,2";
			};
			name = Debug;
		};
		1CA928A22818EB3D006D67ED /* Release */ = {
			isa = XCBuildConfiguration;
			baseConfigurationReference = 669CF0F4E3FF2DDA8E6DDA86 /* Pods-SubletSeeker.release.xcconfig */;
			buildSettings = {
				ASSETCATALOG_COMPILER_APPICON_NAME = AppIcon;
				ASSETCATALOG_COMPILER_GLOBAL_ACCENT_COLOR_NAME = AccentColor;
				CODE_SIGN_STYLE = Automatic;
				CURRENT_PROJECT_VERSION = 1;
				DEVELOPMENT_TEAM = HF4QR5SCPG;
				GENERATE_INFOPLIST_FILE = YES;
				INFOPLIST_FILE = SubletSeeker/Info.plist;
				INFOPLIST_KEY_UIApplicationSupportsIndirectInputEvents = YES;
				INFOPLIST_KEY_UILaunchStoryboardName = LaunchScreen;
				INFOPLIST_KEY_UIMainStoryboardFile = Main;
				INFOPLIST_KEY_UISupportedInterfaceOrientations_iPad = "UIInterfaceOrientationPortrait UIInterfaceOrientationPortraitUpsideDown UIInterfaceOrientationLandscapeLeft UIInterfaceOrientationLandscapeRight";
				INFOPLIST_KEY_UISupportedInterfaceOrientations_iPhone = "UIInterfaceOrientationPortrait UIInterfaceOrientationLandscapeLeft UIInterfaceOrientationLandscapeRight";
				LD_RUNPATH_SEARCH_PATHS = (
					"$(inherited)",
					"@executable_path/Frameworks",
				);
				MARKETING_VERSION = 1.0;
				PRODUCT_BUNDLE_IDENTIFIER = com.cheng.SubletSeeker;
				PRODUCT_NAME = "$(TARGET_NAME)";
				SWIFT_EMIT_LOC_STRINGS = YES;
				SWIFT_VERSION = 5.0;
				TARGETED_DEVICE_FAMILY = "1,2";
			};
			name = Release;
		};
/* End XCBuildConfiguration section */

/* Begin XCConfigurationList section */
		1CA928872818EB3B006D67ED /* Build configuration list for PBXProject "SubletSeeker" */ = {
			isa = XCConfigurationList;
			buildConfigurations = (
				1CA9289E2818EB3D006D67ED /* Debug */,
				1CA9289F2818EB3D006D67ED /* Release */,
			);
			defaultConfigurationIsVisible = 0;
			defaultConfigurationName = Release;
		};
		1CA928A02818EB3D006D67ED /* Build configuration list for PBXNativeTarget "SubletSeeker" */ = {
			isa = XCConfigurationList;
			buildConfigurations = (
				1CA928A12818EB3D006D67ED /* Debug */,
				1CA928A22818EB3D006D67ED /* Release */,
			);
			defaultConfigurationIsVisible = 0;
			defaultConfigurationName = Release;
		};
/* End XCConfigurationList section */
	};
	rootObject = 1CA928842818EB3B006D67ED /* Project object */;
}
